
Microsoft Visual Studio Solution File, Format Version 12.00
# Visual Studio Version 17
VisualStudioVersion = 17.5.33516.290
MinimumVisualStudioVersion = 10.0.40219.1
Project("{54A90642-561A-4BB1-A94E-469ADEE60C69}") = "vueapp", "vueapp\vueapp.esproj", "{79AD7F62-B45C-4DA7-94A2-4249A4C27E75}"
EndProject
Project("{9A19103F-16F7-4668-BE54-9A1E7A4F7556}") = "webapi", "webapi\webapi.csproj", "{1B507A61-90A1-4EA4-A5A6-F444528A3CE3}"
EndProject
Global
	GlobalSection(SolutionConfigurationPlatforms) = preSolution
		Debug|Any CPU = Debug|Any CPU
		Release|Any CPU = Release|Any CPU
	EndGlobalSection
	GlobalSection(ProjectConfigurationPlatforms) = postSolution
		{79AD7F62-B45C-4DA7-94A2-4249A4C27E75}.Debug|Any CPU.ActiveCfg = Debug|Any CPU
		{79AD7F62-B45C-4DA7-94A2-4249A4C27E75}.Debug|Any CPU.Build.0 = Debug|Any CPU
		{79AD7F62-B45C-4DA7-94A2-4249A4C27E75}.Debug|Any CPU.Deploy.0 = Debug|Any CPU
		{79AD7F62-B45C-4DA7-94A2-4249A4C27E75}.Release|Any CPU.ActiveCfg = Release|Any CPU
		{79AD7F62-B45C-4DA7-94A2-4249A4C27E75}.Release|Any CPU.Build.0 = Release|Any CPU
		{79AD7F62-B45C-4DA7-94A2-4249A4C27E75}.Release|Any CPU.Deploy.0 = Release|Any CPU
		{1B507A61-90A1-4EA4-A5A6-F444528A3CE3}.Debug|Any CPU.ActiveCfg = Debug|Any CPU
		{1B507A61-90A1-4EA4-A5A6-F444528A3CE3}.Debug|Any CPU.Build.0 = Debug|Any CPU
		{1B507A61-90A1-4EA4-A5A6-F444528A3CE3}.Release|Any CPU.ActiveCfg = Release|Any CPU
		{1B507A61-90A1-4EA4-A5A6-F444528A3CE3}.Release|Any CPU.Build.0 = Release|Any CPU
	EndGlobalSection
	GlobalSection(SolutionProperties) = preSolution
		HideSolutionNode = FALSE
	EndGlobalSection
	GlobalSection(ExtensibilityGlobals) = postSolution
		SolutionGuid = {A9E2FB2C-35E0-4343-A6B9-A8CDF0CACCA4}
	EndGlobalSection
EndGlobal
